<?xml version="1.0" encoding="utf-8"?>
<Project ToolsVersion="4.0" xmlns="http://schemas.microsoft.com/developer/msbuild/2003">
  <ItemGroup>
    <Filter Include="Source Files">
      <UniqueIdentifier>{4FC737F1-C7A5-4376-A066-2A32D752A2FF}</UniqueIdentifier>
      <Extensions>cpp;c;cc;cxx;def;odl;idl;hpj;bat;asm;asmx</Extensions>
    </Filter>
    <Filter Include="Header Files">
      <UniqueIdentifier>{93995380-89BD-4b04-88EB-625FBE52EBFB}</UniqueIdentifier>
      <Extensions>h;hh;hpp;hxx;hm;inl;inc;xsd</Extensions>
    </Filter>
    <Filter Include="Resource Files">
      <UniqueIdentifier>{67DA6AB6-F800-4c08-8B7A-83BB121AAD01}</UniqueIdentifier>
      <Extensions>rc;ico;cur;bmp;dlg;rc2;rct;bin;rgs;gif;jpg;jpeg;jpe;resx;tiff;tif;png;wav;mfcribbon-ms</Extensions>
    </Filter>
  </ItemGroup>
  <ItemGroup>
    <None Include="DispensadorFOOS.ino" />
  </ItemGroup>
  <ItemGroup>
    <ClInclude Include="__vm\.DispensadorFOOS.vsarduino.h">
      <Filter>Header Files</Filter>
    </ClInclude>
    <ClInclude Include="diseno.h">
      <Filter>Header Files</Filter>
    </ClInclude>
    <ClInclude Include="tactil.h">
      <Filter>Header Files</Filter>
    </ClInclude>
    <ClInclude Include="datosMemoria.h">
      <Filter>Header Files</Filter>
    </ClInclude>
    <ClInclude Include="horarioComidas.h">
      <Filter>Header Files</Filter>
    </ClInclude>
    <ClInclude Include="moduloWifi.h">
      <Filter>Header Files</Filter>
    </ClInclude>
    <ClInclude Include="controlLeds.h">
      <Filter>Header Files</Filter>
    </ClInclude>
    <ClInclude Include="animacionDeInicio.h">
      <Filter>Header Files</Filter>
    </ClInclude>
    <ClInclude Include="controlHora.h">
      <Filter>Header Files</Filter>
    </ClInclude>
    <ClInclude Include="informacionBalanza.h">
      <Filter>Header Files</Filter>
    </ClInclude>
  </ItemGroup>
  <ItemGroup>
    <ClCompile Include="diseno.cpp">
      <Filter>Source Files</Filter>
    </ClCompile>
    <ClCompile Include="tactil.cpp">
      <Filter>Source Files</Filter>
    </ClCompile>
    <ClCompile Include="datosMemoria.cpp">
      <Filter>Source Files</Filter>
    </ClCompile>
    <ClCompile Include="horarioComidas.cpp">
      <Filter>Source Files</Filter>
    </ClCompile>
    <ClCompile Include="moduloWifi.cpp">
      <Filter>Source Files</Filter>
    </ClCompile>
    <ClCompile Include="controlLeds.cpp">
      <Filter>Source Files</Filter>
    </ClCompile>
    <ClCompile Include="animacionDeInicio.cpp">
      <Filter>Source Files</Filter>
    </ClCompile>
    <ClCompile Include="controlHora.cpp">
      <Filter>Source Files</Filter>
    </ClCompile>
    <ClCompile Include="informacionBalanza.cpp">
      <Filter>Source Files</Filter>
    </ClCompile>
  </ItemGroup>
</Project>